
Microsoft Visual Studio Solution File, Format Version 12.00
# Visual Studio for Mac
Project("{FAE04EC0-301F-11D3-BF4B-00C04F79EFBC}") = "Radiesse Engager", "Radiesse Engager.csproj", "{BBE3C48A-A355-ACF4-0279-2138EE03D1B7}"
EndProject
Global
	GlobalSection(SolutionConfigurationPlatforms) = preSolution
		Debug|Any CPU = Debug|Any CPU
		Release|Any CPU = Release|Any CPU
	EndGlobalSection
	GlobalSection(ProjectConfigurationPlatforms) = postSolution
		{BBE3C48A-A355-ACF4-0279-2138EE03D1B7}.Debug|Any CPU.ActiveCfg = Debug|Any CPU
		{BBE3C48A-A355-ACF4-0279-2138EE03D1B7}.Debug|Any CPU.Build.0 = Debug|Any CPU
		{BBE3C48A-A355-ACF4-0279-2138EE03D1B7}.Release|Any CPU.ActiveCfg = Release|Any CPU
		{BBE3C48A-A355-ACF4-0279-2138EE03D1B7}.Release|Any CPU.Build.0 = Release|Any CPU
	EndGlobalSection
	GlobalSection(SolutionProperties) = preSolution
		HideSolutionNode = FALSE
	EndGlobalSection
EndGlobal
